
Microsoft Visual Studio Solution File, Format Version 12.00
# Visual Studio Version 17
VisualStudioVersion = 17.2.32414.248
MinimumVisualStudioVersion = 10.0.40219.1
Project("{FAE04EC0-301F-11D3-BF4B-00C04F79EFBC}") = "Ficha2Ex2", "Ficha2Ex2\Ficha2Ex2.csproj", "{76D155C6-87BD-4EA4-9D63-B15B27D96071}"
EndProject
Global
	GlobalSection(SolutionConfigurationPlatforms) = preSolution
		Debug|Any CPU = Debug|Any CPU
		Release|Any CPU = Release|Any CPU
	EndGlobalSection
	GlobalSection(ProjectConfigurationPlatforms) = postSolution
		{76D155C6-87BD-4EA4-9D63-B15B27D96071}.Debug|Any CPU.ActiveCfg = Debug|Any CPU
		{76D155C6-87BD-4EA4-9D63-B15B27D96071}.Debug|Any CPU.Build.0 = Debug|Any CPU
		{76D155C6-87BD-4EA4-9D63-B15B27D96071}.Release|Any CPU.ActiveCfg = Release|Any CPU
		{76D155C6-87BD-4EA4-9D63-B15B27D96071}.Release|Any CPU.Build.0 = Release|Any CPU
	EndGlobalSection
	GlobalSection(SolutionProperties) = preSolution
		HideSolutionNode = FALSE
	EndGlobalSection
	GlobalSection(ExtensibilityGlobals) = postSolution
		SolutionGuid = {14DDC0F1-610C-45BC-B7CE-2BB4C7FA0821}
	EndGlobalSection
EndGlobal
